
Microsoft Visual Studio Solution File, Format Version 12.00
# Visual Studio Version 17
VisualStudioVersion = 17.7.34221.43
MinimumVisualStudioVersion = 10.0.40219.1
Project("{FAE04EC0-301F-11D3-BF4B-00C04F79EFBC}") = "BankaTest", "BankaTest\BankaTest.csproj", "{EF98950C-A71E-4F74-B05F-EE8A6AB0819B}"
EndProject
Global
	GlobalSection(SolutionConfigurationPlatforms) = preSolution
		Debug|Any CPU = Debug|Any CPU
		Release|Any CPU = Release|Any CPU
	EndGlobalSection
	GlobalSection(ProjectConfigurationPlatforms) = postSolution
		{EF98950C-A71E-4F74-B05F-EE8A6AB0819B}.Debug|Any CPU.ActiveCfg = Debug|Any CPU
		{EF98950C-A71E-4F74-B05F-EE8A6AB0819B}.Debug|Any CPU.Build.0 = Debug|Any CPU
		{EF98950C-A71E-4F74-B05F-EE8A6AB0819B}.Release|Any CPU.ActiveCfg = Release|Any CPU
		{EF98950C-A71E-4F74-B05F-EE8A6AB0819B}.Release|Any CPU.Build.0 = Release|Any CPU
	EndGlobalSection
	GlobalSection(SolutionProperties) = preSolution
		HideSolutionNode = FALSE
	EndGlobalSection
	GlobalSection(ExtensibilityGlobals) = postSolution
		SolutionGuid = {90EA4629-609A-420D-ADF0-E8CD72175B22}
	EndGlobalSection
EndGlobal
