
Microsoft Visual Studio Solution File, Format Version 12.00
# Visual Studio Version 17
VisualStudioVersion = 17.7.34221.43
MinimumVisualStudioVersion = 10.0.40219.1
Project("{FAE04EC0-301F-11D3-BF4B-00C04F79EFBC}") = "NotKayıt", "NotKayıt\NotKayıt.csproj", "{06C62660-37EE-4D15-B2F0-B26C8A01C66B}"
EndProject
Global
	GlobalSection(SolutionConfigurationPlatforms) = preSolution
		Debug|Any CPU = Debug|Any CPU
		Release|Any CPU = Release|Any CPU
	EndGlobalSection
	GlobalSection(ProjectConfigurationPlatforms) = postSolution
		{06C62660-37EE-4D15-B2F0-B26C8A01C66B}.Debug|Any CPU.ActiveCfg = Debug|Any CPU
		{06C62660-37EE-4D15-B2F0-B26C8A01C66B}.Debug|Any CPU.Build.0 = Debug|Any CPU
		{06C62660-37EE-4D15-B2F0-B26C8A01C66B}.Release|Any CPU.ActiveCfg = Release|Any CPU
		{06C62660-37EE-4D15-B2F0-B26C8A01C66B}.Release|Any CPU.Build.0 = Release|Any CPU
	EndGlobalSection
	GlobalSection(SolutionProperties) = preSolution
		HideSolutionNode = FALSE
	EndGlobalSection
	GlobalSection(ExtensibilityGlobals) = postSolution
		SolutionGuid = {890DC08D-C872-43D4-8B32-7AB8941641CF}
	EndGlobalSection
EndGlobal
