
Microsoft Visual Studio Solution File, Format Version 12.00
# Visual Studio Version 17
VisualStudioVersion = 17.7.34221.43
MinimumVisualStudioVersion = 10.0.40219.1
Project("{FAE04EC0-301F-11D3-BF4B-00C04F79EFBC}") = "Rezervasyon", "Rezervasyon\Rezervasyon.csproj", "{6543F9FD-9122-4F00-98A1-C59FA2025C0B}"
EndProject
Global
	GlobalSection(SolutionConfigurationPlatforms) = preSolution
		Debug|Any CPU = Debug|Any CPU
		Release|Any CPU = Release|Any CPU
	EndGlobalSection
	GlobalSection(ProjectConfigurationPlatforms) = postSolution
		{6543F9FD-9122-4F00-98A1-C59FA2025C0B}.Debug|Any CPU.ActiveCfg = Debug|Any CPU
		{6543F9FD-9122-4F00-98A1-C59FA2025C0B}.Debug|Any CPU.Build.0 = Debug|Any CPU
		{6543F9FD-9122-4F00-98A1-C59FA2025C0B}.Release|Any CPU.ActiveCfg = Release|Any CPU
		{6543F9FD-9122-4F00-98A1-C59FA2025C0B}.Release|Any CPU.Build.0 = Release|Any CPU
	EndGlobalSection
	GlobalSection(SolutionProperties) = preSolution
		HideSolutionNode = FALSE
	EndGlobalSection
	GlobalSection(ExtensibilityGlobals) = postSolution
		SolutionGuid = {172CF78C-C96B-49A5-8F49-49DE6B3C84F9}
	EndGlobalSection
EndGlobal
